
Microsoft Visual Studio Solution File, Format Version 12.00
# Visual Studio 15
VisualStudioVersion = 15.0.27428.2037
MinimumVisualStudioVersion = 10.0.40219.1
Project("{FAE04EC0-301F-11D3-BF4B-00C04F79EFBC}") = "ClaimLineParsing", "ClaimLineParsing\ClaimLineParsing.csproj", "{2D82D9F4-2321-47EF-976D-E6C7D0213C0C}"
EndProject
Global
	GlobalSection(SolutionConfigurationPlatforms) = preSolution
		Debug|Any CPU = Debug|Any CPU
		Release|Any CPU = Release|Any CPU
	EndGlobalSection
	GlobalSection(ProjectConfigurationPlatforms) = postSolution
		{2D82D9F4-2321-47EF-976D-E6C7D0213C0C}.Debug|Any CPU.ActiveCfg = Debug|Any CPU
		{2D82D9F4-2321-47EF-976D-E6C7D0213C0C}.Debug|Any CPU.Build.0 = Debug|Any CPU
		{2D82D9F4-2321-47EF-976D-E6C7D0213C0C}.Release|Any CPU.ActiveCfg = Release|Any CPU
		{2D82D9F4-2321-47EF-976D-E6C7D0213C0C}.Release|Any CPU.Build.0 = Release|Any CPU
	EndGlobalSection
	GlobalSection(SolutionProperties) = preSolution
		HideSolutionNode = FALSE
	EndGlobalSection
	GlobalSection(ExtensibilityGlobals) = postSolution
		SolutionGuid = {BBC1491B-EB7C-4550-9357-C311897CD0EE}
	EndGlobalSection
EndGlobal
